
Microsoft Visual Studio Solution File, Format Version 11.00
# Visual Studio 2010
Project("{FAE04EC0-301F-11D3-BF4B-00C04F79EFBC}") = "HoldingChartUI", "HoldingChartUI\HoldingChartUI.csproj", "{6C9183DC-55FE-478E-B03D-F95BC7F7F4DD}"
EndProject
Global
	GlobalSection(SolutionConfigurationPlatforms) = preSolution
		Debug|x86 = Debug|x86
		Release|x86 = Release|x86
	EndGlobalSection
	GlobalSection(ProjectConfigurationPlatforms) = postSolution
		{6C9183DC-55FE-478E-B03D-F95BC7F7F4DD}.Debug|x86.ActiveCfg = Debug|Any CPU
		{6C9183DC-55FE-478E-B03D-F95BC7F7F4DD}.Debug|x86.Build.0 = Debug|Any CPU
		{6C9183DC-55FE-478E-B03D-F95BC7F7F4DD}.Release|x86.ActiveCfg = Release|Any CPU
	EndGlobalSection
	GlobalSection(SolutionProperties) = preSolution
		HideSolutionNode = FALSE
	EndGlobalSection
EndGlobal
